
Microsoft Visual Studio Solution File, Format Version 12.00
# Visual Studio Version 17
VisualStudioVersion = 17.2.32505.173
MinimumVisualStudioVersion = 10.0.40219.1
Project("{FAE04EC0-301F-11D3-BF4B-00C04F79EFBC}") = "FileSignatureCreator.Console", "FileSignatureCreator.Console\FileSignatureCreator.Console.csproj", "{B743B210-B5A8-46E9-910D-7B96D605154C}"
EndProject
Project("{FAE04EC0-301F-11D3-BF4B-00C04F79EFBC}") = "FileSignatureCreator.Core", "FileSignatureCreator.Core\FileSignatureCreator.Core.csproj", "{956D512E-31D5-4FF3-B830-C80E66856392}"
EndProject
Project("{FAE04EC0-301F-11D3-BF4B-00C04F79EFBC}") = "FileSignatureCreator.Tests", "FileSignatureCreator.Tests\FileSignatureCreator.Tests.csproj", "{FC979D6E-AF1C-4EB8-9E7E-DE94E445AA7A}"
EndProject
Global
	GlobalSection(SolutionConfigurationPlatforms) = preSolution
		Debug|Any CPU = Debug|Any CPU
		Release|Any CPU = Release|Any CPU
	EndGlobalSection
	GlobalSection(ProjectConfigurationPlatforms) = postSolution
		{B743B210-B5A8-46E9-910D-7B96D605154C}.Debug|Any CPU.ActiveCfg = Debug|Any CPU
		{B743B210-B5A8-46E9-910D-7B96D605154C}.Debug|Any CPU.Build.0 = Debug|Any CPU
		{B743B210-B5A8-46E9-910D-7B96D605154C}.Release|Any CPU.ActiveCfg = Release|Any CPU
		{B743B210-B5A8-46E9-910D-7B96D605154C}.Release|Any CPU.Build.0 = Release|Any CPU
		{956D512E-31D5-4FF3-B830-C80E66856392}.Debug|Any CPU.ActiveCfg = Debug|Any CPU
		{956D512E-31D5-4FF3-B830-C80E66856392}.Debug|Any CPU.Build.0 = Debug|Any CPU
		{956D512E-31D5-4FF3-B830-C80E66856392}.Release|Any CPU.ActiveCfg = Release|Any CPU
		{956D512E-31D5-4FF3-B830-C80E66856392}.Release|Any CPU.Build.0 = Release|Any CPU
		{FC979D6E-AF1C-4EB8-9E7E-DE94E445AA7A}.Debug|Any CPU.ActiveCfg = Debug|Any CPU
		{FC979D6E-AF1C-4EB8-9E7E-DE94E445AA7A}.Debug|Any CPU.Build.0 = Debug|Any CPU
		{FC979D6E-AF1C-4EB8-9E7E-DE94E445AA7A}.Release|Any CPU.ActiveCfg = Release|Any CPU
		{FC979D6E-AF1C-4EB8-9E7E-DE94E445AA7A}.Release|Any CPU.Build.0 = Release|Any CPU
	EndGlobalSection
	GlobalSection(SolutionProperties) = preSolution
		HideSolutionNode = FALSE
	EndGlobalSection
	GlobalSection(ExtensibilityGlobals) = postSolution
		SolutionGuid = {C4355BF0-F7BC-4125-A7EF-DFDE52C5C9BB}
	EndGlobalSection
EndGlobal
